Microsoft Visual Studio Solution File, Format Version 12.00
# Visual Studio Version 17
VisualStudioVersion = 17.4.33110.190
MinimumVisualStudioVersion = 10.0.40219.1
Project("{FAE04EC0-301F-11D3-BF4B-00C04F79EFBC}") = "KAPITypes", "..\Common\KAPITypes\KAPITypes.csproj", "{3B02F815-F2E7-45A2-B828-8AA4DA54D54F}"
EndProject
Project("{FAE04EC0-301F-11D3-BF4B-00C04F79EFBC}") = "Studs3d", "Studs3d\Studs3d.csproj", "{03F8F9D2-556A-472C-AD13-9CA83BD4C3F6}"
EndProject
Project("{FAE04EC0-301F-11D3-BF4B-00C04F79EFBC}") = "Gayka", "Gayka\Gayka.csproj", "{8859F5FB-7ED8-46CE-9201-C071325C9AB4}"
EndProject
Project("{FAE04EC0-301F-11D3-BF4B-00C04F79EFBC}") = "ksActiveX", "ksActiveX\ksActiveX.csproj", "{B0BA8953-3B9F-448F-9962-79C0D1AFF3D2}"
EndProject
Project("{FAE04EC0-301F-11D3-BF4B-00C04F79EFBC}") = "ksContr", "ksContr\ksContr.csproj", "{53E7ECDA-19B5-4E62-AED5-449D3FB386B0}"
EndProject
Project("{FAE04EC0-301F-11D3-BF4B-00C04F79EFBC}") = "Step1", "Step1\Step1.csproj", "{8FC6CA3F-2D00-4704-A4CD-279950B22979}"
EndProject
Project("{FAE04EC0-301F-11D3-BF4B-00C04F79EFBC}") = "Step2", "Step2\Step2.csproj", "{692F0306-F94D-470D-BCB2-3E429ECFAF96}"
EndProject
Project("{FAE04EC0-301F-11D3-BF4B-00C04F79EFBC}") = "Step2a", "Step2a\Step2a.csproj", "{921A7B2C-7FE9-4841-A026-B92103217A38}"
EndProject
Project("{FAE04EC0-301F-11D3-BF4B-00C04F79EFBC}") = "Step3", "Step3\Step3.csproj", "{01706CB7-87D5-4812-BD9C-FD3CAF01689B}"
EndProject
Project("{FAE04EC0-301F-11D3-BF4B-00C04F79EFBC}") = "Step3a", "Step3a\Step3a.csproj", "{41A0BBDF-E402-4AB2-909F-A15BEC6DC4BD}"
EndProject
Project("{FAE04EC0-301F-11D3-BF4B-00C04F79EFBC}") = "Step3d1", "Step3d1\Step3d1.csproj", "{A5FF3060-B9C4-451F-BECD-6D70942BD1EC}"
EndProject
Project("{FAE04EC0-301F-11D3-BF4B-00C04F79EFBC}") = "Step3d2", "Step3d2\Step3d2.csproj", "{341AEAC7-F70B-4F50-86D1-3153A56D19D1}"
EndProject
Project("{FAE04EC0-301F-11D3-BF4B-00C04F79EFBC}") = "Step3d3", "Step3d3\Step3d3.csproj", "{C02AB283-7C26-46F2-86D1-4C93F88191F6}"
EndProject
Project("{FAE04EC0-301F-11D3-BF4B-00C04F79EFBC}") = "Step4", "Step4\Step4.csproj", "{27CE2CF0-DB33-40A0-B3CC-B8C07D453695}"
EndProject
Project("{FAE04EC0-301F-11D3-BF4B-00C04F79EFBC}") = "Step5", "Step5\Step5.csproj", "{97181361-8FBF-47CB-A868-6BD16385842C}"
EndProject
Project("{FAE04EC0-301F-11D3-BF4B-00C04F79EFBC}") = "Step7", "Step7\Step7.csproj", "{888435B2-D7C8-471A-8254-200FCDBC896B}"
EndProject
Project("{FAE04EC0-301F-11D3-BF4B-00C04F79EFBC}") = "Step8", "Step8\Step8.csproj", "{F6B0D60E-4B2D-4127-965C-89E64E26BF7B}"
EndProject
Project("{FAE04EC0-301F-11D3-BF4B-00C04F79EFBC}") = "Step9", "Step9\Step9.csproj", "{3EADA3C4-A31F-4AD7-BC39-C8015DB6CC27}"
EndProject
Project("{FAE04EC0-301F-11D3-BF4B-00C04F79EFBC}") = "Step10", "Step10\Step10.csproj", "{5FF36EB4-618A-4909-9F35-6FBBA9155462}"
EndProject
Project("{FAE04EC0-301F-11D3-BF4B-00C04F79EFBC}") = "Step11", "Step11\Step11.csproj", "{C2F008CB-FE7C-4B34-B5AF-CDB1275D5D36}"
EndProject
Project("{FAE04EC0-301F-11D3-BF4B-00C04F79EFBC}") = "Step12", "Step12\Step12.csproj", "{8194926A-D391-490C-A3B6-A43C2E39474D}"
EndProject
Project("{FAE04EC0-301F-11D3-BF4B-00C04F79EFBC}") = "EventsAuto", "EventsAuto\EventsAuto.csproj", "{DCB88EA2-BB01-4E14-9810-B67ABE68558E}"
EndProject
Project("{FAE04EC0-301F-11D3-BF4B-00C04F79EFBC}") = "SlideWrk", "SlideWrk\SlideWrk.csproj", "{14152D61-D5B3-4D79-826A-61AB30A5BF2B}"
EndProject
Project("{FAE04EC0-301F-11D3-BF4B-00C04F79EFBC}") = "Step2_API7_2D", "Step2_API7_2D\Step2_API7_2D.csproj", "{E86E119F-475B-435D-9385-3D00CD2D7208}"
EndProject
Project("{FAE04EC0-301F-11D3-BF4B-00C04F79EFBC}") = "Step2_API7_3D", "Step2_API7_3D\Step2_API7_3D.csproj", "{A4BBD2E5-ED27-46AE-B3FD-DE61CB45C523}"
EndProject
Project("{FAE04EC0-301F-11D3-BF4B-00C04F79EFBC}") = "Step3_API7_2D", "Step3_API7_2D\Step3_API7_2D.csproj", "{928231D8-D818-4A3E-B4BF-71F5D03F99B2}"
EndProject
Project("{FAE04EC0-301F-11D3-BF4B-00C04F79EFBC}") = "Step3_API7_3D", "Step3_API7_3D\Step3_API7_3D.csproj", "{13EE4746-5127-45DF-8150-47ADA9FC136D}"
EndProject
Global
	GlobalSection(SolutionConfigurationPlatforms) = preSolution
		Debug|Any CPU = Debug|Any CPU
		Debug|x64 = Debug|x64
		Release|Any CPU = Release|Any CPU
		Release|x64 = Release|x64
	EndGlobalSection
	GlobalSection(ProjectConfigurationPlatforms) = postSolution
		{3B02F815-F2E7-45A2-B828-8AA4DA54D54F}.Debug|Any CPU.ActiveCfg = Debug|Any CPU
		{3B02F815-F2E7-45A2-B828-8AA4DA54D54F}.Debug|Any CPU.Build.0 = Debug|Any CPU
		{3B02F815-F2E7-45A2-B828-8AA4DA54D54F}.Debug|x64.ActiveCfg = Debug|x64
		{3B02F815-F2E7-45A2-B828-8AA4DA54D54F}.Debug|x64.Build.0 = Debug|x64
		{3B02F815-F2E7-45A2-B828-8AA4DA54D54F}.Release|Any CPU.ActiveCfg = Release|Any CPU
		{3B02F815-F2E7-45A2-B828-8AA4DA54D54F}.Release|Any CPU.Build.0 = Release|Any CPU
		{3B02F815-F2E7-45A2-B828-8AA4DA54D54F}.Release|x64.ActiveCfg = Release|x64
		{3B02F815-F2E7-45A2-B828-8AA4DA54D54F}.Release|x64.Build.0 = Release|x64
		{03F8F9D2-556A-472C-AD13-9CA83BD4C3F6}.Debug|Any CPU.ActiveCfg = Debug|Any CPU
		{03F8F9D2-556A-472C-AD13-9CA83BD4C3F6}.Debug|Any CPU.Build.0 = Debug|Any CPU
		{03F8F9D2-556A-472C-AD13-9CA83BD4C3F6}.Debug|x64.ActiveCfg = Debug|x64
		{03F8F9D2-556A-472C-AD13-9CA83BD4C3F6}.Debug|x64.Build.0 = Debug|x64
		{03F8F9D2-556A-472C-AD13-9CA83BD4C3F6}.Release|Any CPU.ActiveCfg = Release|Any CPU
		{03F8F9D2-556A-472C-AD13-9CA83BD4C3F6}.Release|Any CPU.Build.0 = Release|Any CPU
		{03F8F9D2-556A-472C-AD13-9CA83BD4C3F6}.Release|x64.ActiveCfg = Release|x64
		{03F8F9D2-556A-472C-AD13-9CA83BD4C3F6}.Release|x64.Build.0 = Release|x64
		{8859F5FB-7ED8-46CE-9201-C071325C9AB4}.Debug|Any CPU.ActiveCfg = Debug|Any CPU
		{8859F5FB-7ED8-46CE-9201-C071325C9AB4}.Debug|Any CPU.Build.0 = Debug|Any CPU
		{8859F5FB-7ED8-46CE-9201-C071325C9AB4}.Debug|x64.ActiveCfg = Debug|x64
		{8859F5FB-7ED8-46CE-9201-C071325C9AB4}.Debug|x64.Build.0 = Debug|x64
		{8859F5FB-7ED8-46CE-9201-C071325C9AB4}.Release|Any CPU.ActiveCfg = Release|Any CPU
		{8859F5FB-7ED8-46CE-9201-C071325C9AB4}.Release|Any CPU.Build.0 = Release|Any CPU
		{8859F5FB-7ED8-46CE-9201-C071325C9AB4}.Release|x64.ActiveCfg = Release|x64
		{8859F5FB-7ED8-46CE-9201-C071325C9AB4}.Release|x64.Build.0 = Release|x64
		{B0BA8953-3B9F-448F-9962-79C0D1AFF3D2}.Debug|Any CPU.ActiveCfg = Debug|Any CPU
		{B0BA8953-3B9F-448F-9962-79C0D1AFF3D2}.Debug|Any CPU.Build.0 = Debug|Any CPU
		{B0BA8953-3B9F-448F-9962-79C0D1AFF3D2}.Debug|x64.ActiveCfg = Debug|x64
		{B0BA8953-3B9F-448F-9962-79C0D1AFF3D2}.Debug|x64.Build.0 = Debug|x64
		{B0BA8953-3B9F-448F-9962-79C0D1AFF3D2}.Release|Any CPU.ActiveCfg = Release|Any CPU
		{B0BA8953-3B9F-448F-9962-79C0D1AFF3D2}.Release|Any CPU.Build.0 = Release|Any CPU
		{B0BA8953-3B9F-448F-9962-79C0D1AFF3D2}.Release|x64.ActiveCfg = Release|x64
		{B0BA8953-3B9F-448F-9962-79C0D1AFF3D2}.Release|x64.Build.0 = Release|x64
		{53E7ECDA-19B5-4E62-AED5-449D3FB386B0}.Debug|Any CPU.ActiveCfg = Debug|Any CPU
		{53E7ECDA-19B5-4E62-AED5-449D3FB386B0}.Debug|Any CPU.Build.0 = Debug|Any CPU
		{53E7ECDA-19B5-4E62-AED5-449D3FB386B0}.Debug|x64.ActiveCfg = Debug|x64
		{53E7ECDA-19B5-4E62-AED5-449D3FB386B0}.Debug|x64.Build.0 = Debug|x64
		{53E7ECDA-19B5-4E62-AED5-449D3FB386B0}.Release|Any CPU.ActiveCfg = Release|Any CPU
		{53E7ECDA-19B5-4E62-AED5-449D3FB386B0}.Release|Any CPU.Build.0 = Release|Any CPU
		{53E7ECDA-19B5-4E62-AED5-449D3FB386B0}.Release|x64.ActiveCfg = Release|x64
		{53E7ECDA-19B5-4E62-AED5-449D3FB386B0}.Release|x64.Build.0 = Release|x64
		{8FC6CA3F-2D00-4704-A4CD-279950B22979}.Debug|Any CPU.ActiveCfg = Debug|Any CPU
		{8FC6CA3F-2D00-4704-A4CD-279950B22979}.Debug|Any CPU.Build.0 = Debug|Any CPU
		{8FC6CA3F-2D00-4704-A4CD-279950B22979}.Debug|x64.ActiveCfg = Debug|x64
		{8FC6CA3F-2D00-4704-A4CD-279950B22979}.Debug|x64.Build.0 = Debug|x64
		{8FC6CA3F-2D00-4704-A4CD-279950B22979}.Release|Any CPU.ActiveCfg = Release|Any CPU
		{8FC6CA3F-2D00-4704-A4CD-279950B22979}.Release|Any CPU.Build.0 = Release|Any CPU
		{8FC6CA3F-2D00-4704-A4CD-279950B22979}.Release|x64.ActiveCfg = Release|x64
		{8FC6CA3F-2D00-4704-A4CD-279950B22979}.Release|x64.Build.0 = Release|x64
		{692F0306-F94D-470D-BCB2-3E429ECFAF96}.Debug|Any CPU.ActiveCfg = Debug|Any CPU
		{692F0306-F94D-470D-BCB2-3E429ECFAF96}.Debug|Any CPU.Build.0 = Debug|Any CPU
		{692F0306-F94D-470D-BCB2-3E429ECFAF96}.Debug|x64.ActiveCfg = Debug|x64
		{692F0306-F94D-470D-BCB2-3E429ECFAF96}.Debug|x64.Build.0 = Debug|x64
		{692F0306-F94D-470D-BCB2-3E429ECFAF96}.Release|Any CPU.ActiveCfg = Release|Any CPU
		{692F0306-F94D-470D-BCB2-3E429ECFAF96}.Release|Any CPU.Build.0 = Release|Any CPU
		{692F0306-F94D-470D-BCB2-3E429ECFAF96}.Release|x64.ActiveCfg = Release|x64
		{692F0306-F94D-470D-BCB2-3E429ECFAF96}.Release|x64.Build.0 = Release|x64
		{921A7B2C-7FE9-4841-A026-B92103217A38}.Debug|Any CPU.ActiveCfg = Debug|Any CPU
		{921A7B2C-7FE9-4841-A026-B92103217A38}.Debug|Any CPU.Build.0 = Debug|Any CPU
		{921A7B2C-7FE9-4841-A026-B92103217A38}.Debug|x64.ActiveCfg = Debug|x64
		{921A7B2C-7FE9-4841-A026-B92103217A38}.Debug|x64.Build.0 = Debug|x64
		{921A7B2C-7FE9-4841-A026-B92103217A38}.Release|Any CPU.ActiveCfg = Release|Any CPU
		{921A7B2C-7FE9-4841-A026-B92103217A38}.Release|Any CPU.Build.0 = Release|Any CPU
		{921A7B2C-7FE9-4841-A026-B92103217A38}.Release|x64.ActiveCfg = Release|x64
		{921A7B2C-7FE9-4841-A026-B92103217A38}.Release|x64.Build.0 = Release|x64
		{01706CB7-87D5-4812-BD9C-FD3CAF01689B}.Debug|Any CPU.ActiveCfg = Debug|Any CPU
		{01706CB7-87D5-4812-BD9C-FD3CAF01689B}.Debug|Any CPU.Build.0 = Debug|Any CPU
		{01706CB7-87D5-4812-BD9C-FD3CAF01689B}.Debug|x64.ActiveCfg = Debug|x64
		{01706CB7-87D5-4812-BD9C-FD3CAF01689B}.Debug|x64.Build.0 = Debug|x64
		{01706CB7-87D5-4812-BD9C-FD3CAF01689B}.Release|Any CPU.ActiveCfg = Release|Any CPU
		{01706CB7-87D5-4812-BD9C-FD3CAF01689B}.Release|Any CPU.Build.0 = Release|Any CPU
		{01706CB7-87D5-4812-BD9C-FD3CAF01689B}.Release|x64.ActiveCfg = Release|x64
		{01706CB7-87D5-4812-BD9C-FD3CAF01689B}.Release|x64.Build.0 = Release|x64
		{41A0BBDF-E402-4AB2-909F-A15BEC6DC4BD}.Debug|Any CPU.ActiveCfg = Debug|Any CPU
		{41A0BBDF-E402-4AB2-909F-A15BEC6DC4BD}.Debug|Any CPU.Build.0 = Debug|Any CPU
		{41A0BBDF-E402-4AB2-909F-A15BEC6DC4BD}.Debug|x64.ActiveCfg = Debug|x64
		{41A0BBDF-E402-4AB2-909F-A15BEC6DC4BD}.Debug|x64.Build.0 = Debug|x64
		{41A0BBDF-E402-4AB2-909F-A15BEC6DC4BD}.Release|Any CPU.ActiveCfg = Release|Any CPU
		{41A0BBDF-E402-4AB2-909F-A15BEC6DC4BD}.Release|Any CPU.Build.0 = Release|Any CPU
		{41A0BBDF-E402-4AB2-909F-A15BEC6DC4BD}.Release|x64.ActiveCfg = Release|x64
		{41A0BBDF-E402-4AB2-909F-A15BEC6DC4BD}.Release|x64.Build.0 = Release|x64
		{A5FF3060-B9C4-451F-BECD-6D70942BD1EC}.Debug|Any CPU.ActiveCfg = Debug|Any CPU
		{A5FF3060-B9C4-451F-BECD-6D70942BD1EC}.Debug|Any CPU.Build.0 = Debug|Any CPU
		{A5FF3060-B9C4-451F-BECD-6D70942BD1EC}.Debug|x64.ActiveCfg = Debug|x64
		{A5FF3060-B9C4-451F-BECD-6D70942BD1EC}.Debug|x64.Build.0 = Debug|x64
		{A5FF3060-B9C4-451F-BECD-6D70942BD1EC}.Release|Any CPU.ActiveCfg = Release|Any CPU
		{A5FF3060-B9C4-451F-BECD-6D70942BD1EC}.Release|Any CPU.Build.0 = Release|Any CPU
		{A5FF3060-B9C4-451F-BECD-6D70942BD1EC}.Release|x64.ActiveCfg = Release|x64
		{A5FF3060-B9C4-451F-BECD-6D70942BD1EC}.Release|x64.Build.0 = Release|x64
		{341AEAC7-F70B-4F50-86D1-3153A56D19D1}.Debug|Any CPU.ActiveCfg = Debug|Any CPU
		{341AEAC7-F70B-4F50-86D1-3153A56D19D1}.Debug|Any CPU.Build.0 = Debug|Any CPU
		{341AEAC7-F70B-4F50-86D1-3153A56D19D1}.Debug|x64.ActiveCfg = Debug|x64
		{341AEAC7-F70B-4F50-86D1-3153A56D19D1}.Debug|x64.Build.0 = Debug|x64
		{341AEAC7-F70B-4F50-86D1-3153A56D19D1}.Release|Any CPU.ActiveCfg = Release|Any CPU
		{341AEAC7-F70B-4F50-86D1-3153A56D19D1}.Release|Any CPU.Build.0 = Release|Any CPU
		{341AEAC7-F70B-4F50-86D1-3153A56D19D1}.Release|x64.ActiveCfg = Release|x64
		{341AEAC7-F70B-4F50-86D1-3153A56D19D1}.Release|x64.Build.0 = Release|x64
		{C02AB283-7C26-46F2-86D1-4C93F88191F6}.Debug|Any CPU.ActiveCfg = Debug|Any CPU
		{C02AB283-7C26-46F2-86D1-4C93F88191F6}.Debug|Any CPU.Build.0 = Debug|Any CPU
		{C02AB283-7C26-46F2-86D1-4C93F88191F6}.Debug|x64.ActiveCfg = Debug|x64
		{C02AB283-7C26-46F2-86D1-4C93F88191F6}.Debug|x64.Build.0 = Debug|x64
		{C02AB283-7C26-46F2-86D1-4C93F88191F6}.Release|Any CPU.ActiveCfg = Release|Any CPU
		{C02AB283-7C26-46F2-86D1-4C93F88191F6}.Release|Any CPU.Build.0 = Release|Any CPU
		{C02AB283-7C26-46F2-86D1-4C93F88191F6}.Release|x64.ActiveCfg = Release|x64
		{C02AB283-7C26-46F2-86D1-4C93F88191F6}.Release|x64.Build.0 = Release|x64
		{27CE2CF0-DB33-40A0-B3CC-B8C07D453695}.Debug|Any CPU.ActiveCfg = Debug|Any CPU
		{27CE2CF0-DB33-40A0-B3CC-B8C07D453695}.Debug|Any CPU.Build.0 = Debug|Any CPU
		{27CE2CF0-DB33-40A0-B3CC-B8C07D453695}.Debug|x64.ActiveCfg = Debug|x64
		{27CE2CF0-DB33-40A0-B3CC-B8C07D453695}.Debug|x64.Build.0 = Debug|x64
		{27CE2CF0-DB33-40A0-B3CC-B8C07D453695}.Release|Any CPU.ActiveCfg = Release|Any CPU
		{27CE2CF0-DB33-40A0-B3CC-B8C07D453695}.Release|Any CPU.Build.0 = Release|Any CPU
		{27CE2CF0-DB33-40A0-B3CC-B8C07D453695}.Release|x64.ActiveCfg = Release|x64
		{27CE2CF0-DB33-40A0-B3CC-B8C07D453695}.Release|x64.Build.0 = Release|x64
		{97181361-8FBF-47CB-A868-6BD16385842C}.Debug|Any CPU.ActiveCfg = Debug|Any CPU
		{97181361-8FBF-47CB-A868-6BD16385842C}.Debug|Any CPU.Build.0 = Debug|Any CPU
		{97181361-8FBF-47CB-A868-6BD16385842C}.Debug|x64.ActiveCfg = Debug|x64
		{97181361-8FBF-47CB-A868-6BD16385842C}.Debug|x64.Build.0 = Debug|x64
		{97181361-8FBF-47CB-A868-6BD16385842C}.Release|Any CPU.ActiveCfg = Release|Any CPU
		{97181361-8FBF-47CB-A868-6BD16385842C}.Release|Any CPU.Build.0 = Release|Any CPU
		{97181361-8FBF-47CB-A868-6BD16385842C}.Release|x64.ActiveCfg = Release|x64
		{97181361-8FBF-47CB-A868-6BD16385842C}.Release|x64.Build.0 = Release|x64
		{888435B2-D7C8-471A-8254-200FCDBC896B}.Debug|Any CPU.ActiveCfg = Debug|Any CPU
		{888435B2-D7C8-471A-8254-200FCDBC896B}.Debug|Any CPU.Build.0 = Debug|Any CPU
		{888435B2-D7C8-471A-8254-200FCDBC896B}.Debug|x64.ActiveCfg = Debug|x64
		{888435B2-D7C8-471A-8254-200FCDBC896B}.Debug|x64.Build.0 = Debug|x64
		{888435B2-D7C8-471A-8254-200FCDBC896B}.Release|Any CPU.ActiveCfg = Release|Any CPU
		{888435B2-D7C8-471A-8254-200FCDBC896B}.Release|Any CPU.Build.0 = Release|Any CPU
		{888435B2-D7C8-471A-8254-200FCDBC896B}.Release|x64.ActiveCfg = Release|x64
		{888435B2-D7C8-471A-8254-200FCDBC896B}.Release|x64.Build.0 = Release|x64
		{F6B0D60E-4B2D-4127-965C-89E64E26BF7B}.Debug|Any CPU.ActiveCfg = Debug|Any CPU
		{F6B0D60E-4B2D-4127-965C-89E64E26BF7B}.Debug|Any CPU.Build.0 = Debug|Any CPU
		{F6B0D60E-4B2D-4127-965C-89E64E26BF7B}.Debug|x64.ActiveCfg = Debug|x64
		{F6B0D60E-4B2D-4127-965C-89E64E26BF7B}.Debug|x64.Build.0 = Debug|x64
		{F6B0D60E-4B2D-4127-965C-89E64E26BF7B}.Release|Any CPU.ActiveCfg = Release|Any CPU
		{F6B0D60E-4B2D-4127-965C-89E64E26BF7B}.Release|Any CPU.Build.0 = Release|Any CPU
		{F6B0D60E-4B2D-4127-965C-89E64E26BF7B}.Release|x64.ActiveCfg = Release|x64
		{F6B0D60E-4B2D-4127-965C-89E64E26BF7B}.Release|x64.Build.0 = Release|x64
		{3EADA3C4-A31F-4AD7-BC39-C8015DB6CC27}.Debug|Any CPU.ActiveCfg = Debug|Any CPU
		{3EADA3C4-A31F-4AD7-BC39-C8015DB6CC27}.Debug|Any CPU.Build.0 = Debug|Any CPU
		{3EADA3C4-A31F-4AD7-BC39-C8015DB6CC27}.Debug|x64.ActiveCfg = Debug|x64
		{3EADA3C4-A31F-4AD7-BC39-C8015DB6CC27}.Debug|x64.Build.0 = Debug|x64
		{3EADA3C4-A31F-4AD7-BC39-C8015DB6CC27}.Release|Any CPU.ActiveCfg = Release|Any CPU
		{3EADA3C4-A31F-4AD7-BC39-C8015DB6CC27}.Release|Any CPU.Build.0 = Release|Any CPU
		{3EADA3C4-A31F-4AD7-BC39-C8015DB6CC27}.Release|x64.ActiveCfg = Release|x64
		{3EADA3C4-A31F-4AD7-BC39-C8015DB6CC27}.Release|x64.Build.0 = Release|x64
		{5FF36EB4-618A-4909-9F35-6FBBA9155462}.Debug|Any CPU.ActiveCfg = Debug|Any CPU
		{5FF36EB4-618A-4909-9F35-6FBBA9155462}.Debug|Any CPU.Build.0 = Debug|Any CPU
		{5FF36EB4-618A-4909-9F35-6FBBA9155462}.Debug|x64.ActiveCfg = Debug|x64
		{5FF36EB4-618A-4909-9F35-6FBBA9155462}.Debug|x64.Build.0 = Debug|x64
		{5FF36EB4-618A-4909-9F35-6FBBA9155462}.Release|Any CPU.ActiveCfg = Release|Any CPU
		{5FF36EB4-618A-4909-9F35-6FBBA9155462}.Release|Any CPU.Build.0 = Release|Any CPU
		{5FF36EB4-618A-4909-9F35-6FBBA9155462}.Release|x64.ActiveCfg = Release|x64
		{5FF36EB4-618A-4909-9F35-6FBBA9155462}.Release|x64.Build.0 = Release|x64
		{C2F008CB-FE7C-4B34-B5AF-CDB1275D5D36}.Debug|Any CPU.ActiveCfg = Debug|Any CPU
		{C2F008CB-FE7C-4B34-B5AF-CDB1275D5D36}.Debug|Any CPU.Build.0 = Debug|Any CPU
		{C2F008CB-FE7C-4B34-B5AF-CDB1275D5D36}.Debug|x64.ActiveCfg = Debug|x64
		{C2F008CB-FE7C-4B34-B5AF-CDB1275D5D36}.Debug|x64.Build.0 = Debug|x64
		{C2F008CB-FE7C-4B34-B5AF-CDB1275D5D36}.Release|Any CPU.ActiveCfg = Release|Any CPU
		{C2F008CB-FE7C-4B34-B5AF-CDB1275D5D36}.Release|Any CPU.Build.0 = Release|Any CPU
		{C2F008CB-FE7C-4B34-B5AF-CDB1275D5D36}.Release|x64.ActiveCfg = Release|x64
		{C2F008CB-FE7C-4B34-B5AF-CDB1275D5D36}.Release|x64.Build.0 = Release|x64
		{8194926A-D391-490C-A3B6-A43C2E39474D}.Debug|Any CPU.ActiveCfg = Debug|Any CPU
		{8194926A-D391-490C-A3B6-A43C2E39474D}.Debug|Any CPU.Build.0 = Debug|Any CPU
		{8194926A-D391-490C-A3B6-A43C2E39474D}.Debug|x64.ActiveCfg = Debug|x64
		{8194926A-D391-490C-A3B6-A43C2E39474D}.Debug|x64.Build.0 = Debug|x64
		{8194926A-D391-490C-A3B6-A43C2E39474D}.Release|Any CPU.ActiveCfg = Release|Any CPU
		{8194926A-D391-490C-A3B6-A43C2E39474D}.Release|Any CPU.Build.0 = Release|Any CPU
		{8194926A-D391-490C-A3B6-A43C2E39474D}.Release|x64.ActiveCfg = Release|x64
		{8194926A-D391-490C-A3B6-A43C2E39474D}.Release|x64.Build.0 = Release|x64
		{DCB88EA2-BB01-4E14-9810-B67ABE68558E}.Debug|Any CPU.ActiveCfg = Debug|Any CPU
		{DCB88EA2-BB01-4E14-9810-B67ABE68558E}.Debug|Any CPU.Build.0 = Debug|Any CPU
		{DCB88EA2-BB01-4E14-9810-B67ABE68558E}.Debug|x64.ActiveCfg = Debug|x64
		{DCB88EA2-BB01-4E14-9810-B67ABE68558E}.Debug|x64.Build.0 = Debug|x64
		{DCB88EA2-BB01-4E14-9810-B67ABE68558E}.Release|Any CPU.ActiveCfg = Release|Any CPU
		{DCB88EA2-BB01-4E14-9810-B67ABE68558E}.Release|Any CPU.Build.0 = Release|Any CPU
		{DCB88EA2-BB01-4E14-9810-B67ABE68558E}.Release|x64.ActiveCfg = Release|x64
		{DCB88EA2-BB01-4E14-9810-B67ABE68558E}.Release|x64.Build.0 = Release|x64
		{14152D61-D5B3-4D79-826A-61AB30A5BF2B}.Debug|Any CPU.ActiveCfg = Debug|Any CPU
		{14152D61-D5B3-4D79-826A-61AB30A5BF2B}.Debug|Any CPU.Build.0 = Debug|Any CPU
		{14152D61-D5B3-4D79-826A-61AB30A5BF2B}.Debug|x64.ActiveCfg = Debug|x64
		{14152D61-D5B3-4D79-826A-61AB30A5BF2B}.Debug|x64.Build.0 = Debug|x64
		{14152D61-D5B3-4D79-826A-61AB30A5BF2B}.Release|Any CPU.ActiveCfg = Release|Any CPU
		{14152D61-D5B3-4D79-826A-61AB30A5BF2B}.Release|Any CPU.Build.0 = Release|Any CPU
		{14152D61-D5B3-4D79-826A-61AB30A5BF2B}.Release|x64.ActiveCfg = Release|x64
		{14152D61-D5B3-4D79-826A-61AB30A5BF2B}.Release|x64.Build.0 = Release|x64
		{E86E119F-475B-435D-9385-3D00CD2D7208}.Debug|Any CPU.ActiveCfg = Debug|Any CPU
		{E86E119F-475B-435D-9385-3D00CD2D7208}.Debug|Any CPU.Build.0 = Debug|Any CPU
		{E86E119F-475B-435D-9385-3D00CD2D7208}.Debug|x64.ActiveCfg = Debug|x64
		{E86E119F-475B-435D-9385-3D00CD2D7208}.Debug|x64.Build.0 = Debug|x64
		{E86E119F-475B-435D-9385-3D00CD2D7208}.Release|Any CPU.ActiveCfg = Release|Any CPU
		{E86E119F-475B-435D-9385-3D00CD2D7208}.Release|Any CPU.Build.0 = Release|Any CPU
		{E86E119F-475B-435D-9385-3D00CD2D7208}.Release|x64.ActiveCfg = Release|x64
		{E86E119F-475B-435D-9385-3D00CD2D7208}.Release|x64.Build.0 = Release|x64
		{A4BBD2E5-ED27-46AE-B3FD-DE61CB45C523}.Debug|Any CPU.ActiveCfg = Debug|Any CPU
		{A4BBD2E5-ED27-46AE-B3FD-DE61CB45C523}.Debug|Any CPU.Build.0 = Debug|Any CPU
		{A4BBD2E5-ED27-46AE-B3FD-DE61CB45C523}.Debug|x64.ActiveCfg = Debug|Any CPU
		{A4BBD2E5-ED27-46AE-B3FD-DE61CB45C523}.Debug|x64.Build.0 = Debug|Any CPU
		{A4BBD2E5-ED27-46AE-B3FD-DE61CB45C523}.Release|Any CPU.ActiveCfg = Release|Any CPU
		{A4BBD2E5-ED27-46AE-B3FD-DE61CB45C523}.Release|Any CPU.Build.0 = Release|Any CPU
		{A4BBD2E5-ED27-46AE-B3FD-DE61CB45C523}.Release|x64.ActiveCfg = Release|x64
		{A4BBD2E5-ED27-46AE-B3FD-DE61CB45C523}.Release|x64.Build.0 = Release|x64
		{928231D8-D818-4A3E-B4BF-71F5D03F99B2}.Debug|Any CPU.ActiveCfg = Debug|Any CPU
		{928231D8-D818-4A3E-B4BF-71F5D03F99B2}.Debug|Any CPU.Build.0 = Debug|Any CPU
		{928231D8-D818-4A3E-B4BF-71F5D03F99B2}.Debug|x64.ActiveCfg = Debug|Any CPU
		{928231D8-D818-4A3E-B4BF-71F5D03F99B2}.Debug|x64.Build.0 = Debug|Any CPU
		{928231D8-D818-4A3E-B4BF-71F5D03F99B2}.Release|Any CPU.ActiveCfg = Release|Any CPU
		{928231D8-D818-4A3E-B4BF-71F5D03F99B2}.Release|Any CPU.Build.0 = Release|Any CPU
		{928231D8-D818-4A3E-B4BF-71F5D03F99B2}.Release|x64.ActiveCfg = Release|x64
		{928231D8-D818-4A3E-B4BF-71F5D03F99B2}.Release|x64.Build.0 = Release|x64
		{13EE4746-5127-45DF-8150-47ADA9FC136D}.Debug|Any CPU.ActiveCfg = Debug|Any CPU
		{13EE4746-5127-45DF-8150-47ADA9FC136D}.Debug|Any CPU.Build.0 = Debug|Any CPU
		{13EE4746-5127-45DF-8150-47ADA9FC136D}.Debug|x64.ActiveCfg = Debug|Any CPU
		{13EE4746-5127-45DF-8150-47ADA9FC136D}.Debug|x64.Build.0 = Debug|Any CPU
		{13EE4746-5127-45DF-8150-47ADA9FC136D}.Release|Any CPU.ActiveCfg = Release|Any CPU
		{13EE4746-5127-45DF-8150-47ADA9FC136D}.Release|Any CPU.Build.0 = Release|Any CPU
		{13EE4746-5127-45DF-8150-47ADA9FC136D}.Release|x64.ActiveCfg = Release|x64
		{13EE4746-5127-45DF-8150-47ADA9FC136D}.Release|x64.Build.0 = Release|x64
	EndGlobalSection
	GlobalSection(SolutionProperties) = preSolution
		HideSolutionNode = FALSE
	EndGlobalSection
	GlobalSection(ExtensibilityGlobals) = postSolution
		SolutionGuid = {C1163269-CE00-4BF5-A12A-19970223EC21}
	EndGlobalSection
EndGlobal
